<Solution>
  <Configurations>
    <Platform Name="x64" />
    <Platform Name="x86" />
  </Configurations>
  <Project Path="../../../../../../Desktop/С++/Деление первого числа на второе/Деление первого числа на второе/Деление первого числа на второе.vcxproj" Id="344f51c6-0bb9-41f9-a9d8-58ff0121c791" />
</Solution>
